
Microsoft Visual Studio Solution File, Format Version 12.00
# Visual Studio Version 16
VisualStudioVersion = 16.0.30804.86
MinimumVisualStudioVersion = 10.0.40219.1
Project("{9A19103F-16F7-4668-BE54-9A1E7A4F7556}") = "CSharp", "CSharp\CSharp.csproj", "{CF22EB24-ACD2-4D00-B5F2-A1BCEA399A37}"
EndProject
Project("{9A19103F-16F7-4668-BE54-9A1E7A4F7556}") = "DONGULER", "DONGULER\DONGULER\DONGULER.csproj", "{E91D84EE-A32F-4392-B870-07BCFC612441}"
EndProject
Project("{9A19103F-16F7-4668-BE54-9A1E7A4F7556}") = "CLASS", "CLASS\CLASS.csproj", "{E9415DD4-B5A0-4DBC-9FE5-8CB671A3F384}"
EndProject
Project("{9A19103F-16F7-4668-BE54-9A1E7A4F7556}") = "METOTLAR", "METOTLAR\METOTLAR.csproj", "{04FCE32C-5B43-482C-89FD-2A37795099C2}"
EndProject
Project("{9A19103F-16F7-4668-BE54-9A1E7A4F7556}") = "OOP1", "OOP(NESNE YÖNELİMLİ PROGRAMLARI)\OOP1.csproj", "{B480A739-3E28-4581-B319-DA519C34680B}"
EndProject
Project("{9A19103F-16F7-4668-BE54-9A1E7A4F7556}") = "MATEMATIK", "MATEMATIK\MATEMATIK.csproj", "{538925EC-43B6-431D-AB41-97C2960CC9CD}"
EndProject
Project("{9A19103F-16F7-4668-BE54-9A1E7A4F7556}") = "DeğerVeRefaransTipler", "DeğerVeRefaranstipler\DeğerVeRefaransTipler.csproj", "{446CC573-05CA-4E21-8CB3-592F2187749B}"
EndProject
Project("{9A19103F-16F7-4668-BE54-9A1E7A4F7556}") = "Koleksiyonlar", "Koleksiyonlar\Koleksiyonlar.csproj", "{F1236896-494B-4A87-AF53-C9F6D15E33C1}"
EndProject
Project("{9A19103F-16F7-4668-BE54-9A1E7A4F7556}") = "Genericsİntro", "Genericsİntro\Genericsİntro.csproj", "{51C23C35-9816-454E-9A0B-4E6FD4898025}"
EndProject
Project("{FAE04EC0-301F-11D3-BF4B-00C04F79EFBC}") = "MyDictionary", "MyDictionary\MyDictionary.csproj", "{EDB0421A-6A4A-42BF-BD95-C81239EABFB3}"
EndProject
Project("{FAE04EC0-301F-11D3-BF4B-00C04F79EFBC}") = "OOP2", "OOP2\OOP2.csproj", "{7F53230D-75E9-4453-8468-9332863F4DFA}"
EndProject
Project("{FAE04EC0-301F-11D3-BF4B-00C04F79EFBC}") = "OOP3", "OOP\OOP3.csproj", "{1210B3B4-2FE7-4072-9AFE-49D0BC80D915}"
EndProject
Global
	GlobalSection(SolutionConfigurationPlatforms) = preSolution
		Debug|Any CPU = Debug|Any CPU
		Release|Any CPU = Release|Any CPU
	EndGlobalSection
	GlobalSection(ProjectConfigurationPlatforms) = postSolution
		{CF22EB24-ACD2-4D00-B5F2-A1BCEA399A37}.Debug|Any CPU.ActiveCfg = Debug|Any CPU
		{CF22EB24-ACD2-4D00-B5F2-A1BCEA399A37}.Debug|Any CPU.Build.0 = Debug|Any CPU
		{CF22EB24-ACD2-4D00-B5F2-A1BCEA399A37}.Release|Any CPU.ActiveCfg = Release|Any CPU
		{CF22EB24-ACD2-4D00-B5F2-A1BCEA399A37}.Release|Any CPU.Build.0 = Release|Any CPU
		{E91D84EE-A32F-4392-B870-07BCFC612441}.Debug|Any CPU.ActiveCfg = Debug|Any CPU
		{E91D84EE-A32F-4392-B870-07BCFC612441}.Debug|Any CPU.Build.0 = Debug|Any CPU
		{E91D84EE-A32F-4392-B870-07BCFC612441}.Release|Any CPU.ActiveCfg = Release|Any CPU
		{E91D84EE-A32F-4392-B870-07BCFC612441}.Release|Any CPU.Build.0 = Release|Any CPU
		{E9415DD4-B5A0-4DBC-9FE5-8CB671A3F384}.Debug|Any CPU.ActiveCfg = Debug|Any CPU
		{E9415DD4-B5A0-4DBC-9FE5-8CB671A3F384}.Debug|Any CPU.Build.0 = Debug|Any CPU
		{E9415DD4-B5A0-4DBC-9FE5-8CB671A3F384}.Release|Any CPU.ActiveCfg = Release|Any CPU
		{E9415DD4-B5A0-4DBC-9FE5-8CB671A3F384}.Release|Any CPU.Build.0 = Release|Any CPU
		{04FCE32C-5B43-482C-89FD-2A37795099C2}.Debug|Any CPU.ActiveCfg = Debug|Any CPU
		{04FCE32C-5B43-482C-89FD-2A37795099C2}.Debug|Any CPU.Build.0 = Debug|Any CPU
		{04FCE32C-5B43-482C-89FD-2A37795099C2}.Release|Any CPU.ActiveCfg = Release|Any CPU
		{04FCE32C-5B43-482C-89FD-2A37795099C2}.Release|Any CPU.Build.0 = Release|Any CPU
		{B480A739-3E28-4581-B319-DA519C34680B}.Debug|Any CPU.ActiveCfg = Debug|Any CPU
		{B480A739-3E28-4581-B319-DA519C34680B}.Debug|Any CPU.Build.0 = Debug|Any CPU
		{B480A739-3E28-4581-B319-DA519C34680B}.Release|Any CPU.ActiveCfg = Release|Any CPU
		{B480A739-3E28-4581-B319-DA519C34680B}.Release|Any CPU.Build.0 = Release|Any CPU
		{538925EC-43B6-431D-AB41-97C2960CC9CD}.Debug|Any CPU.ActiveCfg = Debug|Any CPU
		{538925EC-43B6-431D-AB41-97C2960CC9CD}.Debug|Any CPU.Build.0 = Debug|Any CPU
		{538925EC-43B6-431D-AB41-97C2960CC9CD}.Release|Any CPU.ActiveCfg = Release|Any CPU
		{538925EC-43B6-431D-AB41-97C2960CC9CD}.Release|Any CPU.Build.0 = Release|Any CPU
		{446CC573-05CA-4E21-8CB3-592F2187749B}.Debug|Any CPU.ActiveCfg = Debug|Any CPU
		{446CC573-05CA-4E21-8CB3-592F2187749B}.Debug|Any CPU.Build.0 = Debug|Any CPU
		{446CC573-05CA-4E21-8CB3-592F2187749B}.Release|Any CPU.ActiveCfg = Release|Any CPU
		{446CC573-05CA-4E21-8CB3-592F2187749B}.Release|Any CPU.Build.0 = Release|Any CPU
		{F1236896-494B-4A87-AF53-C9F6D15E33C1}.Debug|Any CPU.ActiveCfg = Debug|Any CPU
		{F1236896-494B-4A87-AF53-C9F6D15E33C1}.Debug|Any CPU.Build.0 = Debug|Any CPU
		{F1236896-494B-4A87-AF53-C9F6D15E33C1}.Release|Any CPU.ActiveCfg = Release|Any CPU
		{F1236896-494B-4A87-AF53-C9F6D15E33C1}.Release|Any CPU.Build.0 = Release|Any CPU
		{51C23C35-9816-454E-9A0B-4E6FD4898025}.Debug|Any CPU.ActiveCfg = Debug|Any CPU
		{51C23C35-9816-454E-9A0B-4E6FD4898025}.Debug|Any CPU.Build.0 = Debug|Any CPU
		{51C23C35-9816-454E-9A0B-4E6FD4898025}.Release|Any CPU.ActiveCfg = Release|Any CPU
		{51C23C35-9816-454E-9A0B-4E6FD4898025}.Release|Any CPU.Build.0 = Release|Any CPU
		{EDB0421A-6A4A-42BF-BD95-C81239EABFB3}.Debug|Any CPU.ActiveCfg = Debug|Any CPU
		{EDB0421A-6A4A-42BF-BD95-C81239EABFB3}.Debug|Any CPU.Build.0 = Debug|Any CPU
		{EDB0421A-6A4A-42BF-BD95-C81239EABFB3}.Release|Any CPU.ActiveCfg = Release|Any CPU
		{EDB0421A-6A4A-42BF-BD95-C81239EABFB3}.Release|Any CPU.Build.0 = Release|Any CPU
		{7F53230D-75E9-4453-8468-9332863F4DFA}.Debug|Any CPU.ActiveCfg = Debug|Any CPU
		{7F53230D-75E9-4453-8468-9332863F4DFA}.Debug|Any CPU.Build.0 = Debug|Any CPU
		{7F53230D-75E9-4453-8468-9332863F4DFA}.Release|Any CPU.ActiveCfg = Release|Any CPU
		{7F53230D-75E9-4453-8468-9332863F4DFA}.Release|Any CPU.Build.0 = Release|Any CPU
		{1210B3B4-2FE7-4072-9AFE-49D0BC80D915}.Debug|Any CPU.ActiveCfg = Debug|Any CPU
		{1210B3B4-2FE7-4072-9AFE-49D0BC80D915}.Debug|Any CPU.Build.0 = Debug|Any CPU
		{1210B3B4-2FE7-4072-9AFE-49D0BC80D915}.Release|Any CPU.ActiveCfg = Release|Any CPU
		{1210B3B4-2FE7-4072-9AFE-49D0BC80D915}.Release|Any CPU.Build.0 = Release|Any CPU
	EndGlobalSection
	GlobalSection(SolutionProperties) = preSolution
		HideSolutionNode = FALSE
	EndGlobalSection
	GlobalSection(ExtensibilityGlobals) = postSolution
		SolutionGuid = {17469AB0-4F5E-4176-A8E3-E720EC70FA12}
	EndGlobalSection
EndGlobal
